
Microsoft Visual Studio Solution File, Format Version 12.00
# Visual Studio Version 17
VisualStudioVersion = 17.10.35013.160
MinimumVisualStudioVersion = 10.0.40219.1
Project("{FAE04EC0-301F-11D3-BF4B-00C04F79EFBC}") = "PrimalEditor", "PrimalEditor\PrimalEditor.csproj", "{A3490475-0442-46DF-BC3B-FAC0EAC5BC23}"
EndProject
Project("{8BC9CEB8-8B4A-11D0-8D11-00A0C91BC942}") = "Engine", "Engine\Engine.vcxproj", "{61846D41-B40B-4D21-9BA0-079EAAF7D532}"
EndProject
Global
	GlobalSection(SolutionConfigurationPlatforms) = preSolution
		Debug|Any CPU = Debug|Any CPU
		Debug|x64 = Debug|x64
		Debug|x86 = Debug|x86
		Release|Any CPU = Release|Any CPU
		Release|x64 = Release|x64
		Release|x86 = Release|x86
	EndGlobalSection
	GlobalSection(ProjectConfigurationPlatforms) = postSolution
		{61846D41-B40B-4D21-9BA0-079EAAF7D532}.Debug|Any CPU.ActiveCfg = Debug|x64
		{61846D41-B40B-4D21-9BA0-079EAAF7D532}.Debug|Any CPU.Build.0 = Debug|x64
		{61846D41-B40B-4D21-9BA0-079EAAF7D532}.Debug|x64.ActiveCfg = Debug|x64
		{61846D41-B40B-4D21-9BA0-079EAAF7D532}.Debug|x64.Build.0 = Debug|x64
		{61846D41-B40B-4D21-9BA0-079EAAF7D532}.Debug|x86.ActiveCfg = Debug|Win32
		{61846D41-B40B-4D21-9BA0-079EAAF7D532}.Debug|x86.Build.0 = Debug|Win32
		{61846D41-B40B-4D21-9BA0-079EAAF7D532}.Release|Any CPU.ActiveCfg = Release|x64
		{61846D41-B40B-4D21-9BA0-079EAAF7D532}.Release|Any CPU.Build.0 = Release|x64
		{61846D41-B40B-4D21-9BA0-079EAAF7D532}.Release|x64.ActiveCfg = Release|x64
		{61846D41-B40B-4D21-9BA0-079EAAF7D532}.Release|x64.Build.0 = Release|x64
		{61846D41-B40B-4D21-9BA0-079EAAF7D532}.Release|x86.ActiveCfg = Release|Win32
		{61846D41-B40B-4D21-9BA0-079EAAF7D532}.Release|x86.Build.0 = Release|Win32
		{A3490475-0442-46DF-BC3B-FAC0EAC5BC23}.Debug|Any CPU.ActiveCfg = Debug|Any CPU
		{A3490475-0442-46DF-BC3B-FAC0EAC5BC23}.Debug|Any CPU.Build.0 = Debug|Any CPU
		{A3490475-0442-46DF-BC3B-FAC0EAC5BC23}.Debug|x64.ActiveCfg = Debug|Any CPU
		{A3490475-0442-46DF-BC3B-FAC0EAC5BC23}.Debug|x64.Build.0 = Debug|Any CPU
		{A3490475-0442-46DF-BC3B-FAC0EAC5BC23}.Debug|x86.ActiveCfg = Debug|Any CPU
		{A3490475-0442-46DF-BC3B-FAC0EAC5BC23}.Debug|x86.Build.0 = Debug|Any CPU
		{A3490475-0442-46DF-BC3B-FAC0EAC5BC23}.Release|Any CPU.ActiveCfg = Release|Any CPU
		{A3490475-0442-46DF-BC3B-FAC0EAC5BC23}.Release|Any CPU.Build.0 = Release|Any CPU
		{A3490475-0442-46DF-BC3B-FAC0EAC5BC23}.Release|x64.ActiveCfg = Release|Any CPU
		{A3490475-0442-46DF-BC3B-FAC0EAC5BC23}.Release|x64.Build.0 = Release|Any CPU
		{A3490475-0442-46DF-BC3B-FAC0EAC5BC23}.Release|x86.ActiveCfg = Release|Any CPU
		{A3490475-0442-46DF-BC3B-FAC0EAC5BC23}.Release|x86.Build.0 = Release|Any CPU
	EndGlobalSection
	GlobalSection(SolutionProperties) = preSolution
		HideSolutionNode = FALSE
	EndGlobalSection
	GlobalSection(ExtensibilityGlobals) = postSolution
		SolutionGuid = {6753E9AE-2919-4747-BD83-B3C006E0D1A0}
	EndGlobalSection
EndGlobal
